# THIS IS AN AUTOGENERATED FILE. DO NOT EDIT THIS FILE DIRECTLY.
# yarn lockfile v1


"@ngrx/entity@^9.2.0":
  version "9.2.0"
  resolved "https://registry.yarnpkg.com/@ngrx/entity/-/entity-9.2.0.tgz#4acdd74edf72f7ab061ca9295ee323d1978a4329"
  integrity sha512-xSnS4EmksfvIobl2KMpljE1RMYuJGq7j5cCb9TnlsXkEc7cUa0TyGviSsxceSpk9WKtKARPR/AcVrVCESucF6Q==

tslib@^1.10.0:
  version "1.13.0"
  resolved "https://registry.yarnpkg.com/tslib/-/tslib-1.13.0.tgz#c881e13cc7015894ed914862d276436fa9a47043"
  integrity sha512-i/6DQjL8Xf3be4K/E6Wgpekn5Qasl1usyw++dAA35Ue5orEn65VIxOA+YvNNl9HV3qv70T7CNwjODHZrLwvd1Q==
